
Microsoft Visual Studio Solution File, Format Version 12.00
# Visual Studio 14
VisualStudioVersion = 14.0.25123.0
MinimumVisualStudioVersion = 10.0.40219.1
Project("{FAE04EC0-301F-11D3-BF4B-00C04F79EFBC}") = "01.Shapes", "01.Shapes\01.Shapes.csproj", "{69176AF8-0002-485D-B693-FE257DB37111}"
EndProject
Project("{FAE04EC0-301F-11D3-BF4B-00C04F79EFBC}") = "02.BankAccounts", "BankAccounts\02.BankAccounts.csproj", "{BB9C2974-7C4C-40C8-BDCE-7F95F840776A}"
EndProject
Project("{FAE04EC0-301F-11D3-BF4B-00C04F79EFBC}") = "03.RangeExceptions", "RangeExceptions\03.RangeExceptions.csproj", "{8B87D593-8CB3-48BB-8C27-F91B8D7B01F3}"
EndProject
Project("{FAE04EC0-301F-11D3-BF4B-00C04F79EFBC}") = "StartupProject", "StartupProject\StartupProject.csproj", "{531186C5-F02C-48F2-9DB5-C14A238D31AF}"
EndProject
Global
	GlobalSection(SolutionConfigurationPlatforms) = preSolution
		Debug|Any CPU = Debug|Any CPU
		Release|Any CPU = Release|Any CPU
	EndGlobalSection
	GlobalSection(ProjectConfigurationPlatforms) = postSolution
		{69176AF8-0002-485D-B693-FE257DB37111}.Debug|Any CPU.ActiveCfg = Debug|Any CPU
		{69176AF8-0002-485D-B693-FE257DB37111}.Debug|Any CPU.Build.0 = Debug|Any CPU
		{69176AF8-0002-485D-B693-FE257DB37111}.Release|Any CPU.ActiveCfg = Release|Any CPU
		{69176AF8-0002-485D-B693-FE257DB37111}.Release|Any CPU.Build.0 = Release|Any CPU
		{BB9C2974-7C4C-40C8-BDCE-7F95F840776A}.Debug|Any CPU.ActiveCfg = Debug|Any CPU
		{BB9C2974-7C4C-40C8-BDCE-7F95F840776A}.Debug|Any CPU.Build.0 = Debug|Any CPU
		{BB9C2974-7C4C-40C8-BDCE-7F95F840776A}.Release|Any CPU.ActiveCfg = Release|Any CPU
		{BB9C2974-7C4C-40C8-BDCE-7F95F840776A}.Release|Any CPU.Build.0 = Release|Any CPU
		{8B87D593-8CB3-48BB-8C27-F91B8D7B01F3}.Debug|Any CPU.ActiveCfg = Debug|Any CPU
		{8B87D593-8CB3-48BB-8C27-F91B8D7B01F3}.Debug|Any CPU.Build.0 = Debug|Any CPU
		{8B87D593-8CB3-48BB-8C27-F91B8D7B01F3}.Release|Any CPU.ActiveCfg = Release|Any CPU
		{8B87D593-8CB3-48BB-8C27-F91B8D7B01F3}.Release|Any CPU.Build.0 = Release|Any CPU
		{531186C5-F02C-48F2-9DB5-C14A238D31AF}.Debug|Any CPU.ActiveCfg = Debug|Any CPU
		{531186C5-F02C-48F2-9DB5-C14A238D31AF}.Debug|Any CPU.Build.0 = Debug|Any CPU
		{531186C5-F02C-48F2-9DB5-C14A238D31AF}.Release|Any CPU.ActiveCfg = Release|Any CPU
		{531186C5-F02C-48F2-9DB5-C14A238D31AF}.Release|Any CPU.Build.0 = Release|Any CPU
	EndGlobalSection
	GlobalSection(SolutionProperties) = preSolution
		HideSolutionNode = FALSE
	EndGlobalSection
EndGlobal
